{
  "requires": true,
  "lockfileVersion": 1,
  "dependencies": {
    "regexp-match-indices": {
      "version": "1.0.2",
      "resolved": "https://registry.npmjs.org/regexp-match-indices/-/regexp-match-indices-1.0.2.tgz",
      "integrity": "sha512-DwZuAkt8NF5mKwGGER1EGh2PRqyvhRhhLviH+R8y8dIuaQROlUfXjt4s9ZTXstIsSkptf06BSvwcEmmfheJJWQ==",
      "requires": {
        "regexp-tree": "^0.1.11"
      }
    },
    "regexp-tree": {
      "version": "0.1.23",
      "resolved": "https://registry.npmjs.org/regexp-tree/-/regexp-tree-0.1.23.tgz",
      "integrity": "sha512-+7HWfb4Bvu8Rs2eQTUIpX9I/PlQkYOuTNbRpKLJlQpSgwSkzFYh+pUj0gtvglnOZLKB6YgnIgRuJ2/IlpL48qw=="
    }
  }
}
